
Microsoft Visual Studio Solution File, Format Version 12.00
# Visual Studio 15
VisualStudioVersion = 15.0.26430.14
MinimumVisualStudioVersion = 10.0.40219.1
Project("{FAE04EC0-301F-11D3-BF4B-00C04F79EFBC}") = "DemoMaps.Android", "DemoMaps\DemoMaps.Android\DemoMaps.Android.csproj", "{A56660D4-5174-48EE-975E-18AF15321F6D}"
EndProject
Project("{FAE04EC0-301F-11D3-BF4B-00C04F79EFBC}") = "DemoMaps", "DemoMaps\DemoMaps\DemoMaps.csproj", "{7CB78104-DC9D-4F91-88ED-C859C4D97314}"
EndProject
Project("{FAE04EC0-301F-11D3-BF4B-00C04F79EFBC}") = "DemoMaps.UWP", "DemoMaps\DemoMaps.UWP\DemoMaps.UWP.csproj", "{AB624578-5820-41D1-8789-D9B3D1102E4B}"
EndProject
Project("{FAE04EC0-301F-11D3-BF4B-00C04F79EFBC}") = "DemoMaps.iOS", "DemoMaps\DemoMaps.iOS\DemoMaps.iOS.csproj", "{05795397-46EA-4E4F-A462-1CFAE7FB4AE0}"
EndProject
Global
	GlobalSection(SolutionConfigurationPlatforms) = preSolution
		Ad-Hoc|Any CPU = Ad-Hoc|Any CPU
		Ad-Hoc|ARM = Ad-Hoc|ARM
		Ad-Hoc|iPhone = Ad-Hoc|iPhone
		Ad-Hoc|iPhoneSimulator = Ad-Hoc|iPhoneSimulator
		Ad-Hoc|x64 = Ad-Hoc|x64
		Ad-Hoc|x86 = Ad-Hoc|x86
		AppStore|Any CPU = AppStore|Any CPU
		AppStore|ARM = AppStore|ARM
		AppStore|iPhone = AppStore|iPhone
		AppStore|iPhoneSimulator = AppStore|iPhoneSimulator
		AppStore|x64 = AppStore|x64
		AppStore|x86 = AppStore|x86
		Debug|Any CPU = Debug|Any CPU
		Debug|ARM = Debug|ARM
		Debug|iPhone = Debug|iPhone
		Debug|iPhoneSimulator = Debug|iPhoneSimulator
		Debug|x64 = Debug|x64
		Debug|x86 = Debug|x86
		Release|Any CPU = Release|Any CPU
		Release|ARM = Release|ARM
		Release|iPhone = Release|iPhone
		Release|iPhoneSimulator = Release|iPhoneSimulator
		Release|x64 = Release|x64
		Release|x86 = Release|x86
	EndGlobalSection
	GlobalSection(ProjectConfigurationPlatforms) = postSolution
		{A56660D4-5174-48EE-975E-18AF15321F6D}.Ad-Hoc|Any CPU.ActiveCfg = Release|Any CPU
		{A56660D4-5174-48EE-975E-18AF15321F6D}.Ad-Hoc|Any CPU.Build.0 = Release|Any CPU
		{A56660D4-5174-48EE-975E-18AF15321F6D}.Ad-Hoc|Any CPU.Deploy.0 = Release|Any CPU
		{A56660D4-5174-48EE-975E-18AF15321F6D}.Ad-Hoc|ARM.ActiveCfg = Release|Any CPU
		{A56660D4-5174-48EE-975E-18AF15321F6D}.Ad-Hoc|ARM.Build.0 = Release|Any CPU
		{A56660D4-5174-48EE-975E-18AF15321F6D}.Ad-Hoc|ARM.Deploy.0 = Release|Any CPU
		{A56660D4-5174-48EE-975E-18AF15321F6D}.Ad-Hoc|iPhone.ActiveCfg = Release|Any CPU
		{A56660D4-5174-48EE-975E-18AF15321F6D}.Ad-Hoc|iPhone.Build.0 = Release|Any CPU
		{A56660D4-5174-48EE-975E-18AF15321F6D}.Ad-Hoc|iPhone.Deploy.0 = Release|Any CPU
		{A56660D4-5174-48EE-975E-18AF15321F6D}.Ad-Hoc|iPhoneSimulator.ActiveCfg = Release|Any CPU
		{A56660D4-5174-48EE-975E-18AF15321F6D}.Ad-Hoc|iPhoneSimulator.Build.0 = Release|Any CPU
		{A56660D4-5174-48EE-975E-18AF15321F6D}.Ad-Hoc|iPhoneSimulator.Deploy.0 = Release|Any CPU
		{A56660D4-5174-48EE-975E-18AF15321F6D}.Ad-Hoc|x64.ActiveCfg = Release|Any CPU
		{A56660D4-5174-48EE-975E-18AF15321F6D}.Ad-Hoc|x64.Build.0 = Release|Any CPU
		{A56660D4-5174-48EE-975E-18AF15321F6D}.Ad-Hoc|x64.Deploy.0 = Release|Any CPU
		{A56660D4-5174-48EE-975E-18AF15321F6D}.Ad-Hoc|x86.ActiveCfg = Release|Any CPU
		{A56660D4-5174-48EE-975E-18AF15321F6D}.Ad-Hoc|x86.Build.0 = Release|Any CPU
		{A56660D4-5174-48EE-975E-18AF15321F6D}.Ad-Hoc|x86.Deploy.0 = Release|Any CPU
		{A56660D4-5174-48EE-975E-18AF15321F6D}.AppStore|Any CPU.ActiveCfg = Release|Any CPU
		{A56660D4-5174-48EE-975E-18AF15321F6D}.AppStore|Any CPU.Build.0 = Release|Any CPU
		{A56660D4-5174-48EE-975E-18AF15321F6D}.AppStore|Any CPU.Deploy.0 = Release|Any CPU
		{A56660D4-5174-48EE-975E-18AF15321F6D}.AppStore|ARM.ActiveCfg = Release|Any CPU
		{A56660D4-5174-48EE-975E-18AF15321F6D}.AppStore|ARM.Build.0 = Release|Any CPU
		{A56660D4-5174-48EE-975E-18AF15321F6D}.AppStore|ARM.Deploy.0 = Release|Any CPU
		{A56660D4-5174-48EE-975E-18AF15321F6D}.AppStore|iPhone.ActiveCfg = Release|Any CPU
		{A56660D4-5174-48EE-975E-18AF15321F6D}.AppStore|iPhone.Build.0 = Release|Any CPU
		{A56660D4-5174-48EE-975E-18AF15321F6D}.AppStore|iPhone.Deploy.0 = Release|Any CPU
		{A56660D4-5174-48EE-975E-18AF15321F6D}.AppStore|iPhoneSimulator.ActiveCfg = Release|Any CPU
		{A56660D4-5174-48EE-975E-18AF15321F6D}.AppStore|iPhoneSimulator.Build.0 = Release|Any CPU
		{A56660D4-5174-48EE-975E-18AF15321F6D}.AppStore|iPhoneSimulator.Deploy.0 = Release|Any CPU
		{A56660D4-5174-48EE-975E-18AF15321F6D}.AppStore|x64.ActiveCfg = Release|Any CPU
		{A56660D4-5174-48EE-975E-18AF15321F6D}.AppStore|x64.Build.0 = Release|Any CPU
		{A56660D4-5174-48EE-975E-18AF15321F6D}.AppStore|x64.Deploy.0 = Release|Any CPU
		{A56660D4-5174-48EE-975E-18AF15321F6D}.AppStore|x86.ActiveCfg = Release|Any CPU
		{A56660D4-5174-48EE-975E-18AF15321F6D}.AppStore|x86.Build.0 = Release|Any CPU
		{A56660D4-5174-48EE-975E-18AF15321F6D}.AppStore|x86.Deploy.0 = Release|Any CPU
		{A56660D4-5174-48EE-975E-18AF15321F6D}.Debug|Any CPU.ActiveCfg = Debug|Any CPU
		{A56660D4-5174-48EE-975E-18AF15321F6D}.Debug|Any CPU.Build.0 = Debug|Any CPU
		{A56660D4-5174-48EE-975E-18AF15321F6D}.Debug|Any CPU.Deploy.0 = Debug|Any CPU
		{A56660D4-5174-48EE-975E-18AF15321F6D}.Debug|ARM.ActiveCfg = Debug|Any CPU
		{A56660D4-5174-48EE-975E-18AF15321F6D}.Debug|ARM.Build.0 = Debug|Any CPU
		{A56660D4-5174-48EE-975E-18AF15321F6D}.Debug|ARM.Deploy.0 = Debug|Any CPU
		{A56660D4-5174-48EE-975E-18AF15321F6D}.Debug|iPhone.ActiveCfg = Debug|Any CPU
		{A56660D4-5174-48EE-975E-18AF15321F6D}.Debug|iPhone.Build.0 = Debug|Any CPU
		{A56660D4-5174-48EE-975E-18AF15321F6D}.Debug|iPhone.Deploy.0 = Debug|Any CPU
		{A56660D4-5174-48EE-975E-18AF15321F6D}.Debug|iPhoneSimulator.ActiveCfg = Debug|Any CPU
		{A56660D4-5174-48EE-975E-18AF15321F6D}.Debug|iPhoneSimulator.Build.0 = Debug|Any CPU
		{A56660D4-5174-48EE-975E-18AF15321F6D}.Debug|iPhoneSimulator.Deploy.0 = Debug|Any CPU
		{A56660D4-5174-48EE-975E-18AF15321F6D}.Debug|x64.ActiveCfg = Debug|Any CPU
		{A56660D4-5174-48EE-975E-18AF15321F6D}.Debug|x64.Build.0 = Debug|Any CPU
		{A56660D4-5174-48EE-975E-18AF15321F6D}.Debug|x64.Deploy.0 = Debug|Any CPU
		{A56660D4-5174-48EE-975E-18AF15321F6D}.Debug|x86.ActiveCfg = Debug|Any CPU
		{A56660D4-5174-48EE-975E-18AF15321F6D}.Debug|x86.Build.0 = Debug|Any CPU
		{A56660D4-5174-48EE-975E-18AF15321F6D}.Debug|x86.Deploy.0 = Debug|Any CPU
		{A56660D4-5174-48EE-975E-18AF15321F6D}.Release|Any CPU.ActiveCfg = Release|Any CPU
		{A56660D4-5174-48EE-975E-18AF15321F6D}.Release|Any CPU.Build.0 = Release|Any CPU
		{A56660D4-5174-48EE-975E-18AF15321F6D}.Release|Any CPU.Deploy.0 = Release|Any CPU
		{A56660D4-5174-48EE-975E-18AF15321F6D}.Release|ARM.ActiveCfg = Release|Any CPU
		{A56660D4-5174-48EE-975E-18AF15321F6D}.Release|ARM.Build.0 = Release|Any CPU
		{A56660D4-5174-48EE-975E-18AF15321F6D}.Release|ARM.Deploy.0 = Release|Any CPU
		{A56660D4-5174-48EE-975E-18AF15321F6D}.Release|iPhone.ActiveCfg = Release|Any CPU
		{A56660D4-5174-48EE-975E-18AF15321F6D}.Release|iPhone.Build.0 = Release|Any CPU
		{A56660D4-5174-48EE-975E-18AF15321F6D}.Release|iPhone.Deploy.0 = Release|Any CPU
		{A56660D4-5174-48EE-975E-18AF15321F6D}.Release|iPhoneSimulator.ActiveCfg = Release|Any CPU
		{A56660D4-5174-48EE-975E-18AF15321F6D}.Release|iPhoneSimulator.Build.0 = Release|Any CPU
		{A56660D4-5174-48EE-975E-18AF15321F6D}.Release|iPhoneSimulator.Deploy.0 = Release|Any CPU
		{A56660D4-5174-48EE-975E-18AF15321F6D}.Release|x64.ActiveCfg = Release|Any CPU
		{A56660D4-5174-48EE-975E-18AF15321F6D}.Release|x64.Build.0 = Release|Any CPU
		{A56660D4-5174-48EE-975E-18AF15321F6D}.Release|x64.Deploy.0 = Release|Any CPU
		{A56660D4-5174-48EE-975E-18AF15321F6D}.Release|x86.ActiveCfg = Release|Any CPU
		{A56660D4-5174-48EE-975E-18AF15321F6D}.Release|x86.Build.0 = Release|Any CPU
		{A56660D4-5174-48EE-975E-18AF15321F6D}.Release|x86.Deploy.0 = Release|Any CPU
		{7CB78104-DC9D-4F91-88ED-C859C4D97314}.Ad-Hoc|Any CPU.ActiveCfg = Release|Any CPU
		{7CB78104-DC9D-4F91-88ED-C859C4D97314}.Ad-Hoc|Any CPU.Build.0 = Release|Any CPU
		{7CB78104-DC9D-4F91-88ED-C859C4D97314}.Ad-Hoc|ARM.ActiveCfg = Release|Any CPU
		{7CB78104-DC9D-4F91-88ED-C859C4D97314}.Ad-Hoc|ARM.Build.0 = Release|Any CPU
		{7CB78104-DC9D-4F91-88ED-C859C4D97314}.Ad-Hoc|iPhone.ActiveCfg = Release|Any CPU
		{7CB78104-DC9D-4F91-88ED-C859C4D97314}.Ad-Hoc|iPhone.Build.0 = Release|Any CPU
		{7CB78104-DC9D-4F91-88ED-C859C4D97314}.Ad-Hoc|iPhoneSimulator.ActiveCfg = Release|Any CPU
		{7CB78104-DC9D-4F91-88ED-C859C4D97314}.Ad-Hoc|iPhoneSimulator.Build.0 = Release|Any CPU
		{7CB78104-DC9D-4F91-88ED-C859C4D97314}.Ad-Hoc|x64.ActiveCfg = Release|Any CPU
		{7CB78104-DC9D-4F91-88ED-C859C4D97314}.Ad-Hoc|x64.Build.0 = Release|Any CPU
		{7CB78104-DC9D-4F91-88ED-C859C4D97314}.Ad-Hoc|x86.ActiveCfg = Release|Any CPU
		{7CB78104-DC9D-4F91-88ED-C859C4D97314}.Ad-Hoc|x86.Build.0 = Release|Any CPU
		{7CB78104-DC9D-4F91-88ED-C859C4D97314}.AppStore|Any CPU.ActiveCfg = Release|Any CPU
		{7CB78104-DC9D-4F91-88ED-C859C4D97314}.AppStore|Any CPU.Build.0 = Release|Any CPU
		{7CB78104-DC9D-4F91-88ED-C859C4D97314}.AppStore|ARM.ActiveCfg = Release|Any CPU
		{7CB78104-DC9D-4F91-88ED-C859C4D97314}.AppStore|ARM.Build.0 = Release|Any CPU
		{7CB78104-DC9D-4F91-88ED-C859C4D97314}.AppStore|iPhone.ActiveCfg = Release|Any CPU
		{7CB78104-DC9D-4F91-88ED-C859C4D97314}.AppStore|iPhone.Build.0 = Release|Any CPU
		{7CB78104-DC9D-4F91-88ED-C859C4D97314}.AppStore|iPhoneSimulator.ActiveCfg = Release|Any CPU
		{7CB78104-DC9D-4F91-88ED-C859C4D97314}.AppStore|iPhoneSimulator.Build.0 = Release|Any CPU
		{7CB78104-DC9D-4F91-88ED-C859C4D97314}.AppStore|x64.ActiveCfg = Release|Any CPU
		{7CB78104-DC9D-4F91-88ED-C859C4D97314}.AppStore|x64.Build.0 = Release|Any CPU
		{7CB78104-DC9D-4F91-88ED-C859C4D97314}.AppStore|x86.ActiveCfg = Release|Any CPU
		{7CB78104-DC9D-4F91-88ED-C859C4D97314}.AppStore|x86.Build.0 = Release|Any CPU
		{7CB78104-DC9D-4F91-88ED-C859C4D97314}.Debug|Any CPU.ActiveCfg = Debug|Any CPU
		{7CB78104-DC9D-4F91-88ED-C859C4D97314}.Debug|Any CPU.Build.0 = Debug|Any CPU
		{7CB78104-DC9D-4F91-88ED-C859C4D97314}.Debug|ARM.ActiveCfg = Debug|Any CPU
		{7CB78104-DC9D-4F91-88ED-C859C4D97314}.Debug|ARM.Build.0 = Debug|Any CPU
		{7CB78104-DC9D-4F91-88ED-C859C4D97314}.Debug|iPhone.ActiveCfg = Debug|Any CPU
		{7CB78104-DC9D-4F91-88ED-C859C4D97314}.Debug|iPhone.Build.0 = Debug|Any CPU
		{7CB78104-DC9D-4F91-88ED-C859C4D97314}.Debug|iPhoneSimulator.ActiveCfg = Debug|Any CPU
		{7CB78104-DC9D-4F91-88ED-C859C4D97314}.Debug|iPhoneSimulator.Build.0 = Debug|Any CPU
		{7CB78104-DC9D-4F91-88ED-C859C4D97314}.Debug|x64.ActiveCfg = Debug|Any CPU
		{7CB78104-DC9D-4F91-88ED-C859C4D97314}.Debug|x64.Build.0 = Debug|Any CPU
		{7CB78104-DC9D-4F91-88ED-C859C4D97314}.Debug|x86.ActiveCfg = Debug|Any CPU
		{7CB78104-DC9D-4F91-88ED-C859C4D97314}.Debug|x86.Build.0 = Debug|Any CPU
		{7CB78104-DC9D-4F91-88ED-C859C4D97314}.Release|Any CPU.ActiveCfg = Release|Any CPU
		{7CB78104-DC9D-4F91-88ED-C859C4D97314}.Release|Any CPU.Build.0 = Release|Any CPU
		{7CB78104-DC9D-4F91-88ED-C859C4D97314}.Release|ARM.ActiveCfg = Release|Any CPU
		{7CB78104-DC9D-4F91-88ED-C859C4D97314}.Release|ARM.Build.0 = Release|Any CPU
		{7CB78104-DC9D-4F91-88ED-C859C4D97314}.Release|iPhone.ActiveCfg = Release|Any CPU
		{7CB78104-DC9D-4F91-88ED-C859C4D97314}.Release|iPhone.Build.0 = Release|Any CPU
		{7CB78104-DC9D-4F91-88ED-C859C4D97314}.Release|iPhoneSimulator.ActiveCfg = Release|Any CPU
		{7CB78104-DC9D-4F91-88ED-C859C4D97314}.Release|iPhoneSimulator.Build.0 = Release|Any CPU
		{7CB78104-DC9D-4F91-88ED-C859C4D97314}.Release|x64.ActiveCfg = Release|Any CPU
		{7CB78104-DC9D-4F91-88ED-C859C4D97314}.Release|x64.Build.0 = Release|Any CPU
		{7CB78104-DC9D-4F91-88ED-C859C4D97314}.Release|x86.ActiveCfg = Release|Any CPU
		{7CB78104-DC9D-4F91-88ED-C859C4D97314}.Release|x86.Build.0 = Release|Any CPU
		{AB624578-5820-41D1-8789-D9B3D1102E4B}.Ad-Hoc|Any CPU.ActiveCfg = Release|x86
		{AB624578-5820-41D1-8789-D9B3D1102E4B}.Ad-Hoc|Any CPU.Build.0 = Release|x86
		{AB624578-5820-41D1-8789-D9B3D1102E4B}.Ad-Hoc|Any CPU.Deploy.0 = Release|x86
		{AB624578-5820-41D1-8789-D9B3D1102E4B}.Ad-Hoc|ARM.ActiveCfg = Release|ARM
		{AB624578-5820-41D1-8789-D9B3D1102E4B}.Ad-Hoc|ARM.Build.0 = Release|ARM
		{AB624578-5820-41D1-8789-D9B3D1102E4B}.Ad-Hoc|ARM.Deploy.0 = Release|ARM
		{AB624578-5820-41D1-8789-D9B3D1102E4B}.Ad-Hoc|iPhone.ActiveCfg = Release|x86
		{AB624578-5820-41D1-8789-D9B3D1102E4B}.Ad-Hoc|iPhone.Build.0 = Release|x86
		{AB624578-5820-41D1-8789-D9B3D1102E4B}.Ad-Hoc|iPhone.Deploy.0 = Release|x86
		{AB624578-5820-41D1-8789-D9B3D1102E4B}.Ad-Hoc|iPhoneSimulator.ActiveCfg = Release|x86
		{AB624578-5820-41D1-8789-D9B3D1102E4B}.Ad-Hoc|iPhoneSimulator.Build.0 = Release|x86
		{AB624578-5820-41D1-8789-D9B3D1102E4B}.Ad-Hoc|iPhoneSimulator.Deploy.0 = Release|x86
		{AB624578-5820-41D1-8789-D9B3D1102E4B}.Ad-Hoc|x64.ActiveCfg = Release|x64
		{AB624578-5820-41D1-8789-D9B3D1102E4B}.Ad-Hoc|x64.Build.0 = Release|x64
		{AB624578-5820-41D1-8789-D9B3D1102E4B}.Ad-Hoc|x64.Deploy.0 = Release|x64
		{AB624578-5820-41D1-8789-D9B3D1102E4B}.Ad-Hoc|x86.ActiveCfg = Release|x86
		{AB624578-5820-41D1-8789-D9B3D1102E4B}.Ad-Hoc|x86.Build.0 = Release|x86
		{AB624578-5820-41D1-8789-D9B3D1102E4B}.Ad-Hoc|x86.Deploy.0 = Release|x86
		{AB624578-5820-41D1-8789-D9B3D1102E4B}.AppStore|Any CPU.ActiveCfg = Release|x86
		{AB624578-5820-41D1-8789-D9B3D1102E4B}.AppStore|Any CPU.Build.0 = Release|x86
		{AB624578-5820-41D1-8789-D9B3D1102E4B}.AppStore|Any CPU.Deploy.0 = Release|x86
		{AB624578-5820-41D1-8789-D9B3D1102E4B}.AppStore|ARM.ActiveCfg = Release|ARM
		{AB624578-5820-41D1-8789-D9B3D1102E4B}.AppStore|ARM.Build.0 = Release|ARM
		{AB624578-5820-41D1-8789-D9B3D1102E4B}.AppStore|ARM.Deploy.0 = Release|ARM
		{AB624578-5820-41D1-8789-D9B3D1102E4B}.AppStore|iPhone.ActiveCfg = Release|x86
		{AB624578-5820-41D1-8789-D9B3D1102E4B}.AppStore|iPhone.Build.0 = Release|x86
		{AB624578-5820-41D1-8789-D9B3D1102E4B}.AppStore|iPhone.Deploy.0 = Release|x86
		{AB624578-5820-41D1-8789-D9B3D1102E4B}.AppStore|iPhoneSimulator.ActiveCfg = Release|x86
		{AB624578-5820-41D1-8789-D9B3D1102E4B}.AppStore|iPhoneSimulator.Build.0 = Release|x86
		{AB624578-5820-41D1-8789-D9B3D1102E4B}.AppStore|iPhoneSimulator.Deploy.0 = Release|x86
		{AB624578-5820-41D1-8789-D9B3D1102E4B}.AppStore|x64.ActiveCfg = Release|x64
		{AB624578-5820-41D1-8789-D9B3D1102E4B}.AppStore|x64.Build.0 = Release|x64
		{AB624578-5820-41D1-8789-D9B3D1102E4B}.AppStore|x64.Deploy.0 = Release|x64
		{AB624578-5820-41D1-8789-D9B3D1102E4B}.AppStore|x86.ActiveCfg = Release|x86
		{AB624578-5820-41D1-8789-D9B3D1102E4B}.AppStore|x86.Build.0 = Release|x86
		{AB624578-5820-41D1-8789-D9B3D1102E4B}.AppStore|x86.Deploy.0 = Release|x86
		{AB624578-5820-41D1-8789-D9B3D1102E4B}.Debug|Any CPU.ActiveCfg = Debug|x86
		{AB624578-5820-41D1-8789-D9B3D1102E4B}.Debug|ARM.ActiveCfg = Debug|ARM
		{AB624578-5820-41D1-8789-D9B3D1102E4B}.Debug|ARM.Build.0 = Debug|ARM
		{AB624578-5820-41D1-8789-D9B3D1102E4B}.Debug|ARM.Deploy.0 = Debug|ARM
		{AB624578-5820-41D1-8789-D9B3D1102E4B}.Debug|iPhone.ActiveCfg = Debug|x86
		{AB624578-5820-41D1-8789-D9B3D1102E4B}.Debug|iPhoneSimulator.ActiveCfg = Debug|x86
		{AB624578-5820-41D1-8789-D9B3D1102E4B}.Debug|x64.ActiveCfg = Debug|x64
		{AB624578-5820-41D1-8789-D9B3D1102E4B}.Debug|x64.Build.0 = Debug|x64
		{AB624578-5820-41D1-8789-D9B3D1102E4B}.Debug|x64.Deploy.0 = Debug|x64
		{AB624578-5820-41D1-8789-D9B3D1102E4B}.Debug|x86.ActiveCfg = Debug|x86
		{AB624578-5820-41D1-8789-D9B3D1102E4B}.Debug|x86.Build.0 = Debug|x86
		{AB624578-5820-41D1-8789-D9B3D1102E4B}.Debug|x86.Deploy.0 = Debug|x86
		{AB624578-5820-41D1-8789-D9B3D1102E4B}.Release|Any CPU.ActiveCfg = Release|x86
		{AB624578-5820-41D1-8789-D9B3D1102E4B}.Release|ARM.ActiveCfg = Release|ARM
		{AB624578-5820-41D1-8789-D9B3D1102E4B}.Release|ARM.Build.0 = Release|ARM
		{AB624578-5820-41D1-8789-D9B3D1102E4B}.Release|ARM.Deploy.0 = Release|ARM
		{AB624578-5820-41D1-8789-D9B3D1102E4B}.Release|iPhone.ActiveCfg = Release|x86
		{AB624578-5820-41D1-8789-D9B3D1102E4B}.Release|iPhoneSimulator.ActiveCfg = Release|x86
		{AB624578-5820-41D1-8789-D9B3D1102E4B}.Release|x64.ActiveCfg = Release|x64
		{AB624578-5820-41D1-8789-D9B3D1102E4B}.Release|x64.Build.0 = Release|x64
		{AB624578-5820-41D1-8789-D9B3D1102E4B}.Release|x64.Deploy.0 = Release|x64
		{AB624578-5820-41D1-8789-D9B3D1102E4B}.Release|x86.ActiveCfg = Release|x86
		{AB624578-5820-41D1-8789-D9B3D1102E4B}.Release|x86.Build.0 = Release|x86
		{AB624578-5820-41D1-8789-D9B3D1102E4B}.Release|x86.Deploy.0 = Release|x86
		{05795397-46EA-4E4F-A462-1CFAE7FB4AE0}.Ad-Hoc|Any CPU.ActiveCfg = Ad-Hoc|iPhone
		{05795397-46EA-4E4F-A462-1CFAE7FB4AE0}.Ad-Hoc|ARM.ActiveCfg = Ad-Hoc|iPhone
		{05795397-46EA-4E4F-A462-1CFAE7FB4AE0}.Ad-Hoc|iPhone.ActiveCfg = Ad-Hoc|iPhone
		{05795397-46EA-4E4F-A462-1CFAE7FB4AE0}.Ad-Hoc|iPhone.Build.0 = Ad-Hoc|iPhone
		{05795397-46EA-4E4F-A462-1CFAE7FB4AE0}.Ad-Hoc|iPhoneSimulator.ActiveCfg = Ad-Hoc|iPhoneSimulator
		{05795397-46EA-4E4F-A462-1CFAE7FB4AE0}.Ad-Hoc|iPhoneSimulator.Build.0 = Ad-Hoc|iPhoneSimulator
		{05795397-46EA-4E4F-A462-1CFAE7FB4AE0}.Ad-Hoc|x64.ActiveCfg = Ad-Hoc|iPhone
		{05795397-46EA-4E4F-A462-1CFAE7FB4AE0}.Ad-Hoc|x86.ActiveCfg = Ad-Hoc|iPhone
		{05795397-46EA-4E4F-A462-1CFAE7FB4AE0}.AppStore|Any CPU.ActiveCfg = AppStore|iPhone
		{05795397-46EA-4E4F-A462-1CFAE7FB4AE0}.AppStore|ARM.ActiveCfg = AppStore|iPhone
		{05795397-46EA-4E4F-A462-1CFAE7FB4AE0}.AppStore|iPhone.ActiveCfg = AppStore|iPhone
		{05795397-46EA-4E4F-A462-1CFAE7FB4AE0}.AppStore|iPhone.Build.0 = AppStore|iPhone
		{05795397-46EA-4E4F-A462-1CFAE7FB4AE0}.AppStore|iPhoneSimulator.ActiveCfg = AppStore|iPhoneSimulator
		{05795397-46EA-4E4F-A462-1CFAE7FB4AE0}.AppStore|iPhoneSimulator.Build.0 = AppStore|iPhoneSimulator
		{05795397-46EA-4E4F-A462-1CFAE7FB4AE0}.AppStore|x64.ActiveCfg = AppStore|iPhone
		{05795397-46EA-4E4F-A462-1CFAE7FB4AE0}.AppStore|x86.ActiveCfg = AppStore|iPhone
		{05795397-46EA-4E4F-A462-1CFAE7FB4AE0}.Debug|Any CPU.ActiveCfg = Debug|iPhone
		{05795397-46EA-4E4F-A462-1CFAE7FB4AE0}.Debug|ARM.ActiveCfg = Debug|iPhone
		{05795397-46EA-4E4F-A462-1CFAE7FB4AE0}.Debug|iPhone.ActiveCfg = Debug|iPhone
		{05795397-46EA-4E4F-A462-1CFAE7FB4AE0}.Debug|iPhone.Build.0 = Debug|iPhone
		{05795397-46EA-4E4F-A462-1CFAE7FB4AE0}.Debug|iPhoneSimulator.ActiveCfg = Debug|iPhoneSimulator
		{05795397-46EA-4E4F-A462-1CFAE7FB4AE0}.Debug|iPhoneSimulator.Build.0 = Debug|iPhoneSimulator
		{05795397-46EA-4E4F-A462-1CFAE7FB4AE0}.Debug|x64.ActiveCfg = Debug|iPhone
		{05795397-46EA-4E4F-A462-1CFAE7FB4AE0}.Debug|x86.ActiveCfg = Debug|iPhone
		{05795397-46EA-4E4F-A462-1CFAE7FB4AE0}.Release|Any CPU.ActiveCfg = Release|iPhone
		{05795397-46EA-4E4F-A462-1CFAE7FB4AE0}.Release|ARM.ActiveCfg = Release|iPhone
		{05795397-46EA-4E4F-A462-1CFAE7FB4AE0}.Release|iPhone.ActiveCfg = Release|iPhone
		{05795397-46EA-4E4F-A462-1CFAE7FB4AE0}.Release|iPhone.Build.0 = Release|iPhone
		{05795397-46EA-4E4F-A462-1CFAE7FB4AE0}.Release|iPhoneSimulator.ActiveCfg = Release|iPhoneSimulator
		{05795397-46EA-4E4F-A462-1CFAE7FB4AE0}.Release|iPhoneSimulator.Build.0 = Release|iPhoneSimulator
		{05795397-46EA-4E4F-A462-1CFAE7FB4AE0}.Release|x64.ActiveCfg = Release|iPhone
		{05795397-46EA-4E4F-A462-1CFAE7FB4AE0}.Release|x86.ActiveCfg = Release|iPhone
	EndGlobalSection
	GlobalSection(SolutionProperties) = preSolution
		HideSolutionNode = FALSE
	EndGlobalSection
EndGlobal
